// !$*UTF8*$!
{
	archiveVersion = 1;
	classes = {
	};
	objectVersion = 56;
	objects = {

/* Begin PBXBuildFile section */
		5A0686FD28E4C7BB0098E287 /* legendstrackerApp.swift in Sources */ = {isa = PBXBuildFile; fileRef = 5A0686FC28E4C7BB0098E287 /* legendstrackerApp.swift */; };
		5A06871B28E4CCE20098E287 /* News.swift in Sources */ = {isa = PBXBuildFile; fileRef = 5A06871A28E4CCE20098E287 /* News.swift */; };
		5A06871D28E4CE0C0098E287 /* ApexPlayer.swift in Sources */ = {isa = PBXBuildFile; fileRef = 5A06871C28E4CE0C0098E287 /* ApexPlayer.swift */; };
		5A06872128E4D1CE0098E287 /* StoreProductsResponse.swift in Sources */ = {isa = PBXBuildFile; fileRef = 5A06872028E4D1CE0098E287 /* StoreProductsResponse.swift */; };
		5A06872328E4D4FD0098E287 /* ServerStatus.swift in Sources */ = {isa = PBXBuildFile; fileRef = 5A06872228E4D4FD0098E287 /* ServerStatus.swift */; };
		5A06872528E4D5690098E287 /* PlayerUIDResponse.swift in Sources */ = {isa = PBXBuildFile; fileRef = 5A06872428E4D5690098E287 /* PlayerUIDResponse.swift */; };
		5A06872728E4D5A30098E287 /* MapRotationResponse.swift in Sources */ = {isa = PBXBuildFile; fileRef = 5A06872628E4D5A30098E287 /* MapRotationResponse.swift */; };
		5A06872928E4D5FC0098E287 /* ApexPredatorResponse.swift in Sources */ = {isa = PBXBuildFile; fileRef = 5A06872828E4D5FC0098E287 /* ApexPredatorResponse.swift */; };
		5A06872B28E4D6490098E287 /* CraftingRotationResponse.swift in Sources */ = {isa = PBXBuildFile; fileRef = 5A06872A28E4D6490098E287 /* CraftingRotationResponse.swift */; };
		5A06872D28E4DF080098E287 /* ApexService.swift in Sources */ = {isa = PBXBuildFile; fileRef = 5A06872C28E4DF080098E287 /* ApexService.swift */; };
		5A06872F28E4DFAA0098E287 /* HTTPError.swift in Sources */ = {isa = PBXBuildFile; fileRef = 5A06872E28E4DFAA0098E287 /* HTTPError.swift */; };
		5A06873328E4E4DB0098E287 /* NewsRequest.swift in Sources */ = {isa = PBXBuildFile; fileRef = 5A06873228E4E4DB0098E287 /* NewsRequest.swift */; };
		5A06873628E4E59E0098E287 /* Keys.swift in Sources */ = {isa = PBXBuildFile; fileRef = 5A06873528E4E59E0098E287 /* Keys.swift */; };
		5A06873828E4EEA30098E287 /* PlayerRequest.swift in Sources */ = {isa = PBXBuildFile; fileRef = 5A06873728E4EEA30098E287 /* PlayerRequest.swift */; };
		5A06873A28E4F0780098E287 /* StoreRequest.swift in Sources */ = {isa = PBXBuildFile; fileRef = 5A06873928E4F0780098E287 /* StoreRequest.swift */; };
		5A06873C28E4F19D0098E287 /* ServerStatusRequest.swift in Sources */ = {isa = PBXBuildFile; fileRef = 5A06873B28E4F19D0098E287 /* ServerStatusRequest.swift */; };
		5A06873E28E4F3420098E287 /* UIDForPlayerNameRequest.swift in Sources */ = {isa = PBXBuildFile; fileRef = 5A06873D28E4F3420098E287 /* UIDForPlayerNameRequest.swift */; };
		5A06874028E4F3D00098E287 /* MapRotationRequest.swift in Sources */ = {isa = PBXBuildFile; fileRef = 5A06873F28E4F3D00098E287 /* MapRotationRequest.swift */; };
		5A06874228E4F44F0098E287 /* ApexPredatorRequest.swift in Sources */ = {isa = PBXBuildFile; fileRef = 5A06874128E4F44F0098E287 /* ApexPredatorRequest.swift */; };
		5A06874428E4F4D40098E287 /* CraftingRotationRequest.swift in Sources */ = {isa = PBXBuildFile; fileRef = 5A06874328E4F4D40098E287 /* CraftingRotationRequest.swift */; };
		5A06874728E4F8C90098E287 /* NewsVM.swift in Sources */ = {isa = PBXBuildFile; fileRef = 5A06874628E4F8C90098E287 /* NewsVM.swift */; };
		5A06874A28E523D40098E287 /* NewsView.swift in Sources */ = {isa = PBXBuildFile; fileRef = 5A06874928E523D40098E287 /* NewsView.swift */; };
		5A06875328E52E870098E287 /* ArticleRow.swift in Sources */ = {isa = PBXBuildFile; fileRef = 5A06875228E52E870098E287 /* ArticleRow.swift */; };
		5A06875528E5346A0098E287 /* SafariView.swift in Sources */ = {isa = PBXBuildFile; fileRef = 5A06875428E5346A0098E287 /* SafariView.swift */; };
		5A06875828E537B00098E287 /* Kingfisher in Frameworks */ = {isa = PBXBuildFile; productRef = 5A06875728E537B00098E287 /* Kingfisher */; };
/* End PBXBuildFile section */

/* Begin PBXFileReference section */
		5A0686F928E4C7BB0098E287 /* legendstracker.app */ = {isa = PBXFileReference; explicitFileType = wrapper.application; includeInIndex = 0; path = legendstracker.app; sourceTree = BUILT_PRODUCTS_DIR; };
		5A0686FC28E4C7BB0098E287 /* legendstrackerApp.swift */ = {isa = PBXFileReference; lastKnownFileType = sourcecode.swift; path = legendstrackerApp.swift; sourceTree = "<group>"; };
		5A06871A28E4CCE20098E287 /* News.swift */ = {isa = PBXFileReference; lastKnownFileType = sourcecode.swift; path = News.swift; sourceTree = "<group>"; };
		5A06871C28E4CE0C0098E287 /* ApexPlayer.swift */ = {isa = PBXFileReference; lastKnownFileType = sourcecode.swift; path = ApexPlayer.swift; sourceTree = "<group>"; };
		5A06872028E4D1CE0098E287 /* StoreProductsResponse.swift */ = {isa = PBXFileReference; lastKnownFileType = sourcecode.swift; path = StoreProductsResponse.swift; sourceTree = "<group>"; };
		5A06872228E4D4FD0098E287 /* ServerStatus.swift */ = {isa = PBXFileReference; lastKnownFileType = sourcecode.swift; path = ServerStatus.swift; sourceTree = "<group>"; };
		5A06872428E4D5690098E287 /* PlayerUIDResponse.swift */ = {isa = PBXFileReference; lastKnownFileType = sourcecode.swift; path = PlayerUIDResponse.swift; sourceTree = "<group>"; };
		5A06872628E4D5A30098E287 /* MapRotationResponse.swift */ = {isa = PBXFileReference; lastKnownFileType = sourcecode.swift; path = MapRotationResponse.swift; sourceTree = "<group>"; };
		5A06872828E4D5FC0098E287 /* ApexPredatorResponse.swift */ = {isa = PBXFileReference; lastKnownFileType = sourcecode.swift; path = ApexPredatorResponse.swift; sourceTree = "<group>"; };
		5A06872A28E4D6490098E287 /* CraftingRotationResponse.swift */ = {isa = PBXFileReference; lastKnownFileType = sourcecode.swift; path = CraftingRotationResponse.swift; sourceTree = "<group>"; };
		5A06872C28E4DF080098E287 /* ApexService.swift */ = {isa = PBXFileReference; lastKnownFileType = sourcecode.swift; path = ApexService.swift; sourceTree = "<group>"; };
		5A06872E28E4DFAA0098E287 /* HTTPError.swift */ = {isa = PBXFileReference; lastKnownFileType = sourcecode.swift; path = HTTPError.swift; sourceTree = "<group>"; };
		5A06873228E4E4DB0098E287 /* NewsRequest.swift */ = {isa = PBXFileReference; lastKnownFileType = sourcecode.swift; path = NewsRequest.swift; sourceTree = "<group>"; };
		5A06873528E4E59E0098E287 /* Keys.swift */ = {isa = PBXFileReference; lastKnownFileType = sourcecode.swift; path = Keys.swift; sourceTree = "<group>"; };
		5A06873728E4EEA30098E287 /* PlayerRequest.swift */ = {isa = PBXFileReference; lastKnownFileType = sourcecode.swift; path = PlayerRequest.swift; sourceTree = "<group>"; };
		5A06873928E4F0780098E287 /* StoreRequest.swift */ = {isa = PBXFileReference; lastKnownFileType = sourcecode.swift; path = StoreRequest.swift; sourceTree = "<group>"; };
		5A06873B28E4F19D0098E287 /* ServerStatusRequest.swift */ = {isa = PBXFileReference; lastKnownFileType = sourcecode.swift; path = ServerStatusRequest.swift; sourceTree = "<group>"; };
		5A06873D28E4F3420098E287 /* UIDForPlayerNameRequest.swift */ = {isa = PBXFileReference; lastKnownFileType = sourcecode.swift; path = UIDForPlayerNameRequest.swift; sourceTree = "<group>"; };
		5A06873F28E4F3D00098E287 /* MapRotationRequest.swift */ = {isa = PBXFileReference; lastKnownFileType = sourcecode.swift; path = MapRotationRequest.swift; sourceTree = "<group>"; };
		5A06874128E4F44F0098E287 /* ApexPredatorRequest.swift */ = {isa = PBXFileReference; lastKnownFileType = sourcecode.swift; path = ApexPredatorRequest.swift; sourceTree = "<group>"; };
		5A06874328E4F4D40098E287 /* CraftingRotationRequest.swift */ = {isa = PBXFileReference; lastKnownFileType = sourcecode.swift; path = CraftingRotationRequest.swift; sourceTree = "<group>"; };
		5A06874628E4F8C90098E287 /* NewsVM.swift */ = {isa = PBXFileReference; lastKnownFileType = sourcecode.swift; path = NewsVM.swift; sourceTree = "<group>"; };
		5A06874928E523D40098E287 /* NewsView.swift */ = {isa = PBXFileReference; lastKnownFileType = sourcecode.swift; path = NewsView.swift; sourceTree = "<group>"; };
		5A06875228E52E870098E287 /* ArticleRow.swift */ = {isa = PBXFileReference; lastKnownFileType = sourcecode.swift; path = ArticleRow.swift; sourceTree = "<group>"; };
		5A06875428E5346A0098E287 /* SafariView.swift */ = {isa = PBXFileReference; lastKnownFileType = sourcecode.swift; path = SafariView.swift; sourceTree = "<group>"; };
/* End PBXFileReference section */

/* Begin PBXFrameworksBuildPhase section */
		5A0686F628E4C7BB0098E287 /* Frameworks */ = {
			isa = PBXFrameworksBuildPhase;
			buildActionMask = 2147483647;
			files = (
				5A06875828E537B00098E287 /* Kingfisher in Frameworks */,
			);
			runOnlyForDeploymentPostprocessing = 0;
		};
/* End PBXFrameworksBuildPhase section */

/* Begin PBXGroup section */
		5A0686F028E4C7BB0098E287 = {
			isa = PBXGroup;
			children = (
				5A0686FB28E4C7BB0098E287 /* legendstracker */,
				5A0686FA28E4C7BB0098E287 /* Products */,
			);
			sourceTree = "<group>";
		};
		5A0686FA28E4C7BB0098E287 /* Products */ = {
			isa = PBXGroup;
			children = (
				5A0686F928E4C7BB0098E287 /* legendstracker.app */,
			);
			name = Products;
			sourceTree = "<group>";
		};
		5A0686FB28E4C7BB0098E287 /* legendstracker */ = {
			isa = PBXGroup;
			children = (
				5A0686FC28E4C7BB0098E287 /* legendstrackerApp.swift */,
				5A06871628E4CC630098E287 /* API */,
				5A06874B28E5284B0098E287 /* Views */,
				5A06874828E523C40098E287 /* Screens */,
				5A06874528E4F8B60098E287 /* ViewModels */,
				5A06873428E4E5740098E287 /* Resources */,
			);
			path = legendstracker;
			sourceTree = "<group>";
		};
		5A06871628E4CC630098E287 /* API */ = {
			isa = PBXGroup;
			children = (
				5A06872C28E4DF080098E287 /* ApexService.swift */,
				5A06873028E4DFAE0098E287 /* Models */,
				5A06871728E4CC6D0098E287 /* Responses */,
				5A06873128E4E4BB0098E287 /* Requests */,
			);
			path = API;
			sourceTree = "<group>";
		};
		5A06871728E4CC6D0098E287 /* Responses */ = {
			isa = PBXGroup;
			children = (
				5A06871A28E4CCE20098E287 /* News.swift */,
				5A06871C28E4CE0C0098E287 /* ApexPlayer.swift */,
				5A06872028E4D1CE0098E287 /* StoreProductsResponse.swift */,
				5A06872228E4D4FD0098E287 /* ServerStatus.swift */,
				5A06872428E4D5690098E287 /* PlayerUIDResponse.swift */,
				5A06872628E4D5A30098E287 /* MapRotationResponse.swift */,
				5A06872828E4D5FC0098E287 /* ApexPredatorResponse.swift */,
				5A06872A28E4D6490098E287 /* CraftingRotationResponse.swift */,
			);
			path = Responses;
			sourceTree = "<group>";
		};
		5A06873028E4DFAE0098E287 /* Models */ = {
			isa = PBXGroup;
			children = (
				5A06872E28E4DFAA0098E287 /* HTTPError.swift */,
			);
			path = Models;
			sourceTree = "<group>";
		};
		5A06873128E4E4BB0098E287 /* Requests */ = {
			isa = PBXGroup;
			children = (
				5A06873228E4E4DB0098E287 /* NewsRequest.swift */,
				5A06873728E4EEA30098E287 /* PlayerRequest.swift */,
				5A06873928E4F0780098E287 /* StoreRequest.swift */,
				5A06873B28E4F19D0098E287 /* ServerStatusRequest.swift */,
				5A06873D28E4F3420098E287 /* UIDForPlayerNameRequest.swift */,
				5A06873F28E4F3D00098E287 /* MapRotationRequest.swift */,
				5A06874128E4F44F0098E287 /* ApexPredatorRequest.swift */,
				5A06874328E4F4D40098E287 /* CraftingRotationRequest.swift */,
			);
			path = Requests;
			sourceTree = "<group>";
		};
		5A06873428E4E5740098E287 /* Resources */ = {
			isa = PBXGroup;
			children = (
				5A06873528E4E59E0098E287 /* Keys.swift */,
			);
			path = Resources;
			sourceTree = "<group>";
		};
		5A06874528E4F8B60098E287 /* ViewModels */ = {
			isa = PBXGroup;
			children = (
				5A06874628E4F8C90098E287 /* NewsVM.swift */,
			);
			path = ViewModels;
			sourceTree = "<group>";
		};
		5A06874828E523C40098E287 /* Screens */ = {
			isa = PBXGroup;
			children = (
				5A06874928E523D40098E287 /* NewsView.swift */,
			);
			path = Screens;
			sourceTree = "<group>";
		};
		5A06874B28E5284B0098E287 /* Views */ = {
			isa = PBXGroup;
			children = (
				5A06875228E52E870098E287 /* ArticleRow.swift */,
				5A06875428E5346A0098E287 /* SafariView.swift */,
			);
			path = Views;
			sourceTree = "<group>";
		};
/* End PBXGroup section */

/* Begin PBXNativeTarget section */
		5A0686F828E4C7BB0098E287 /* legendstracker */ = {
			isa = PBXNativeTarget;
			buildConfigurationList = 5A06870728E4C7BC0098E287 /* Build configuration list for PBXNativeTarget "legendstracker" */;
			buildPhases = (
				5A0686F528E4C7BB0098E287 /* Sources */,
				5A0686F628E4C7BB0098E287 /* Frameworks */,
				5A0686F728E4C7BB0098E287 /* Resources */,
			);
			buildRules = (
			);
			dependencies = (
			);
			name = legendstracker;
			packageProductDependencies = (
				5A06875728E537B00098E287 /* Kingfisher */,
			);
			productName = legendstracker;
			productReference = 5A0686F928E4C7BB0098E287 /* legendstracker.app */;
			productType = "com.apple.product-type.application";
		};
/* End PBXNativeTarget section */

/* Begin PBXProject section */
		5A0686F128E4C7BB0098E287 /* Project object */ = {
			isa = PBXProject;
			attributes = {
				BuildIndependentTargetsInParallel = 1;
				LastSwiftUpdateCheck = 1410;
				LastUpgradeCheck = 1410;
				TargetAttributes = {
					5A0686F828E4C7BB0098E287 = {
						CreatedOnToolsVersion = 14.1;
					};
				};
			};
			buildConfigurationList = 5A0686F428E4C7BB0098E287 /* Build configuration list for PBXProject "legendstracker" */;
			compatibilityVersion = "Xcode 14.0";
			developmentRegion = en;
			hasScannedForEncodings = 0;
			knownRegions = (
				en,
				Base,
			);
			mainGroup = 5A0686F028E4C7BB0098E287;
			packageReferences = (
				5A06875628E537B00098E287 /* XCRemoteSwiftPackageReference "Kingfisher" */,
			);
			productRefGroup = 5A0686FA28E4C7BB0098E287 /* Products */;
			projectDirPath = "";
			projectRoot = "";
			targets = (
				5A0686F828E4C7BB0098E287 /* legendstracker */,
			);
		};
/* End PBXProject section */

/* Begin PBXResourcesBuildPhase section */
		5A0686F728E4C7BB0098E287 /* Resources */ = {
			isa = PBXResourcesBuildPhase;
			buildActionMask = 2147483647;
			files = (
			);
			runOnlyForDeploymentPostprocessing = 0;
		};
/* End PBXResourcesBuildPhase section */

/* Begin PBXSourcesBuildPhase section */
		5A0686F528E4C7BB0098E287 /* Sources */ = {
			isa = PBXSourcesBuildPhase;
			buildActionMask = 2147483647;
			files = (
				5A06872D28E4DF080098E287 /* ApexService.swift in Sources */,
				5A06874A28E523D40098E287 /* NewsView.swift in Sources */,
				5A06872F28E4DFAA0098E287 /* HTTPError.swift in Sources */,
				5A06871B28E4CCE20098E287 /* News.swift in Sources */,
				5A06875528E5346A0098E287 /* SafariView.swift in Sources */,
				5A0686FD28E4C7BB0098E287 /* legendstrackerApp.swift in Sources */,
				5A06873628E4E59E0098E287 /* Keys.swift in Sources */,
				5A06872528E4D5690098E287 /* PlayerUIDResponse.swift in Sources */,
				5A06872928E4D5FC0098E287 /* ApexPredatorResponse.swift in Sources */,
				5A06873328E4E4DB0098E287 /* NewsRequest.swift in Sources */,
				5A06874028E4F3D00098E287 /* MapRotationRequest.swift in Sources */,
				5A06873C28E4F19D0098E287 /* ServerStatusRequest.swift in Sources */,
				5A06873828E4EEA30098E287 /* PlayerRequest.swift in Sources */,
				5A06874728E4F8C90098E287 /* NewsVM.swift in Sources */,
				5A06874428E4F4D40098E287 /* CraftingRotationRequest.swift in Sources */,
				5A06874228E4F44F0098E287 /* ApexPredatorRequest.swift in Sources */,
				5A06872728E4D5A30098E287 /* MapRotationResponse.swift in Sources */,
				5A06873A28E4F0780098E287 /* StoreRequest.swift in Sources */,
				5A06872B28E4D6490098E287 /* CraftingRotationResponse.swift in Sources */,
				5A06871D28E4CE0C0098E287 /* ApexPlayer.swift in Sources */,
				5A06875328E52E870098E287 /* ArticleRow.swift in Sources */,
				5A06872128E4D1CE0098E287 /* StoreProductsResponse.swift in Sources */,
				5A06873E28E4F3420098E287 /* UIDForPlayerNameRequest.swift in Sources */,
				5A06872328E4D4FD0098E287 /* ServerStatus.swift in Sources */,
			);
			runOnlyForDeploymentPostprocessing = 0;
		};
/* End PBXSourcesBuildPhase section */

/* Begin XCBuildConfiguration section */
		5A06870528E4C7BC0098E287 /* Debug */ = {
			isa = XCBuildConfiguration;
			buildSettings = {
				ALWAYS_SEARCH_USER_PATHS = NO;
				CLANG_ANALYZER_NONNULL = YES;
				CLANG_ANALYZER_NUMBER_OBJECT_CONVERSION = YES_AGGRESSIVE;
				CLANG_CXX_LANGUAGE_STANDARD = "gnu++20";
				CLANG_ENABLE_MODULES = YES;
				CLANG_ENABLE_OBJC_ARC = YES;
				CLANG_ENABLE_OBJC_WEAK = YES;
				CLANG_WARN_BLOCK_CAPTURE_AUTORELEASING = YES;
				CLANG_WARN_BOOL_CONVERSION = YES;
				CLANG_WARN_COMMA = YES;
				CLANG_WARN_CONSTANT_CONVERSION = YES;
				CLANG_WARN_DEPRECATED_OBJC_IMPLEMENTATIONS = YES;
				CLANG_WARN_DIRECT_OBJC_ISA_USAGE = YES_ERROR;
				CLANG_WARN_DOCUMENTATION_COMMENTS = YES;
				CLANG_WARN_EMPTY_BODY = YES;
				CLANG_WARN_ENUM_CONVERSION = YES;
				CLANG_WARN_INFINITE_RECURSION = YES;
				CLANG_WARN_INT_CONVERSION = YES;
				CLANG_WARN_NON_LITERAL_NULL_CONVERSION = YES;
				CLANG_WARN_OBJC_IMPLICIT_RETAIN_SELF = YES;
				CLANG_WARN_OBJC_LITERAL_CONVERSION = YES;
				CLANG_WARN_OBJC_ROOT_CLASS = YES_ERROR;
				CLANG_WARN_QUOTED_INCLUDE_IN_FRAMEWORK_HEADER = YES;
				CLANG_WARN_RANGE_LOOP_ANALYSIS = YES;
				CLANG_WARN_STRICT_PROTOTYPES = YES;
				CLANG_WARN_SUSPICIOUS_MOVE = YES;
				CLANG_WARN_UNGUARDED_AVAILABILITY = YES_AGGRESSIVE;
				CLANG_WARN_UNREACHABLE_CODE = YES;
				CLANG_WARN__DUPLICATE_METHOD_MATCH = YES;
				COPY_PHASE_STRIP = NO;
				DEBUG_INFORMATION_FORMAT = dwarf;
				ENABLE_STRICT_OBJC_MSGSEND = YES;
				ENABLE_TESTABILITY = YES;
				GCC_C_LANGUAGE_STANDARD = gnu11;
				GCC_DYNAMIC_NO_PIC = NO;
				GCC_NO_COMMON_BLOCKS = YES;
				GCC_OPTIMIZATION_LEVEL = 0;
				GCC_PREPROCESSOR_DEFINITIONS = (
					"DEBUG=1",
					"$(inherited)",
				);
				GCC_WARN_64_TO_32_BIT_CONVERSION = YES;
				GCC_WARN_ABOUT_RETURN_TYPE = YES_ERROR;
				GCC_WARN_UNDECLARED_SELECTOR = YES;
				GCC_WARN_UNINITIALIZED_AUTOS = YES_AGGRESSIVE;
				GCC_WARN_UNUSED_FUNCTION = YES;
				GCC_WARN_UNUSED_VARIABLE = YES;
				IPHONEOS_DEPLOYMENT_TARGET = 16.1;
				MTL_ENABLE_DEBUG_INFO = INCLUDE_SOURCE;
				MTL_FAST_MATH = YES;
				ONLY_ACTIVE_ARCH = YES;
				SDKROOT = iphoneos;
				SWIFT_ACTIVE_COMPILATION_CONDITIONS = DEBUG;
				SWIFT_OPTIMIZATION_LEVEL = "-Onone";
			};
			name = Debug;
		};
		5A06870628E4C7BC0098E287 /* Release */ = {
			isa = XCBuildConfiguration;
			buildSettings = {
				ALWAYS_SEARCH_USER_PATHS = NO;
				CLANG_ANALYZER_NONNULL = YES;
				CLANG_ANALYZER_NUMBER_OBJECT_CONVERSION = YES_AGGRESSIVE;
				CLANG_CXX_LANGUAGE_STANDARD = "gnu++20";
				CLANG_ENABLE_MODULES = YES;
				CLANG_ENABLE_OBJC_ARC = YES;
				CLANG_ENABLE_OBJC_WEAK = YES;
				CLANG_WARN_BLOCK_CAPTURE_AUTORELEASING = YES;
				CLANG_WARN_BOOL_CONVERSION = YES;
				CLANG_WARN_COMMA = YES;
				CLANG_WARN_CONSTANT_CONVERSION = YES;
				CLANG_WARN_DEPRECATED_OBJC_IMPLEMENTATIONS = YES;
				CLANG_WARN_DIRECT_OBJC_ISA_USAGE = YES_ERROR;
				CLANG_WARN_DOCUMENTATION_COMMENTS = YES;
				CLANG_WARN_EMPTY_BODY = YES;
				CLANG_WARN_ENUM_CONVERSION = YES;
				CLANG_WARN_INFINITE_RECURSION = YES;
				CLANG_WARN_INT_CONVERSION = YES;
				CLANG_WARN_NON_LITERAL_NULL_CONVERSION = YES;
				CLANG_WARN_OBJC_IMPLICIT_RETAIN_SELF = YES;
				CLANG_WARN_OBJC_LITERAL_CONVERSION = YES;
				CLANG_WARN_OBJC_ROOT_CLASS = YES_ERROR;
				CLANG_WARN_QUOTED_INCLUDE_IN_FRAMEWORK_HEADER = YES;
				CLANG_WARN_RANGE_LOOP_ANALYSIS = YES;
				CLANG_WARN_STRICT_PROTOTYPES = YES;
				CLANG_WARN_SUSPICIOUS_MOVE = YES;
				CLANG_WARN_UNGUARDED_AVAILABILITY = YES_AGGRESSIVE;
				CLANG_WARN_UNREACHABLE_CODE = YES;
				CLANG_WARN__DUPLICATE_METHOD_MATCH = YES;
				COPY_PHASE_STRIP = NO;
				DEBUG_INFORMATION_FORMAT = "dwarf-with-dsym";
				ENABLE_NS_ASSERTIONS = NO;
				ENABLE_STRICT_OBJC_MSGSEND = YES;
				GCC_C_LANGUAGE_STANDARD = gnu11;
				GCC_NO_COMMON_BLOCKS = YES;
				GCC_WARN_64_TO_32_BIT_CONVERSION = YES;
				GCC_WARN_ABOUT_RETURN_TYPE = YES_ERROR;
				GCC_WARN_UNDECLARED_SELECTOR = YES;
				GCC_WARN_UNINITIALIZED_AUTOS = YES_AGGRESSIVE;
				GCC_WARN_UNUSED_FUNCTION = YES;
				GCC_WARN_UNUSED_VARIABLE = YES;
				IPHONEOS_DEPLOYMENT_TARGET = 16.1;
				MTL_ENABLE_DEBUG_INFO = NO;
				MTL_FAST_MATH = YES;
				SDKROOT = iphoneos;
				SWIFT_COMPILATION_MODE = wholemodule;
				SWIFT_OPTIMIZATION_LEVEL = "-O";
				VALIDATE_PRODUCT = YES;
			};
			name = Release;
		};
		5A06870828E4C7BC0098E287 /* Debug */ = {
			isa = XCBuildConfiguration;
			buildSettings = {
				ASSETCATALOG_COMPILER_APPICON_NAME = AppIcon;
				ASSETCATALOG_COMPILER_GLOBAL_ACCENT_COLOR_NAME = AccentColor;
				CODE_SIGN_STYLE = Automatic;
				CURRENT_PROJECT_VERSION = 1;
				DEVELOPMENT_TEAM = P4DQK6SRKR;
				ENABLE_PREVIEWS = YES;
				GENERATE_INFOPLIST_FILE = YES;
				INFOPLIST_KEY_CFBundleDisplayName = Legends;
				INFOPLIST_KEY_UIApplicationSceneManifest_Generation = YES;
				INFOPLIST_KEY_UIApplicationSupportsIndirectInputEvents = YES;
				INFOPLIST_KEY_UILaunchScreen_Generation = YES;
				INFOPLIST_KEY_UISupportedInterfaceOrientations_iPad = "UIInterfaceOrientationPortrait UIInterfaceOrientationPortraitUpsideDown UIInterfaceOrientationLandscapeLeft UIInterfaceOrientationLandscapeRight";
				INFOPLIST_KEY_UISupportedInterfaceOrientations_iPhone = "UIInterfaceOrientationPortrait UIInterfaceOrientationLandscapeLeft UIInterfaceOrientationLandscapeRight";
				LD_RUNPATH_SEARCH_PATHS = (
					"$(inherited)",
					"@executable_path/Frameworks",
				);
				MARKETING_VERSION = 1.0;
				PRODUCT_BUNDLE_IDENTIFIER = com.marcusziade.legendstracker;
				PRODUCT_NAME = "$(TARGET_NAME)";
				SWIFT_EMIT_LOC_STRINGS = YES;
				SWIFT_VERSION = 5.0;
				TARGETED_DEVICE_FAMILY = "1,2";
			};
			name = Debug;
		};
		5A06870928E4C7BC0098E287 /* Release */ = {
			isa = XCBuildConfiguration;
			buildSettings = {
				ASSETCATALOG_COMPILER_APPICON_NAME = AppIcon;
				ASSETCATALOG_COMPILER_GLOBAL_ACCENT_COLOR_NAME = AccentColor;
				CODE_SIGN_STYLE = Automatic;
				CURRENT_PROJECT_VERSION = 1;
				DEVELOPMENT_TEAM = P4DQK6SRKR;
				ENABLE_PREVIEWS = YES;
				GENERATE_INFOPLIST_FILE = YES;
				INFOPLIST_KEY_CFBundleDisplayName = Legends;
				INFOPLIST_KEY_UIApplicationSceneManifest_Generation = YES;
				INFOPLIST_KEY_UIApplicationSupportsIndirectInputEvents = YES;
				INFOPLIST_KEY_UILaunchScreen_Generation = YES;
				INFOPLIST_KEY_UISupportedInterfaceOrientations_iPad = "UIInterfaceOrientationPortrait UIInterfaceOrientationPortraitUpsideDown UIInterfaceOrientationLandscapeLeft UIInterfaceOrientationLandscapeRight";
				INFOPLIST_KEY_UISupportedInterfaceOrientations_iPhone = "UIInterfaceOrientationPortrait UIInterfaceOrientationLandscapeLeft UIInterfaceOrientationLandscapeRight";
				LD_RUNPATH_SEARCH_PATHS = (
					"$(inherited)",
					"@executable_path/Frameworks",
				);
				MARKETING_VERSION = 1.0;
				PRODUCT_BUNDLE_IDENTIFIER = com.marcusziade.legendstracker;
				PRODUCT_NAME = "$(TARGET_NAME)";
				SWIFT_EMIT_LOC_STRINGS = YES;
				SWIFT_VERSION = 5.0;
				TARGETED_DEVICE_FAMILY = "1,2";
			};
			name = Release;
		};
/* End XCBuildConfiguration section */

/* Begin XCConfigurationList section */
		5A0686F428E4C7BB0098E287 /* Build configuration list for PBXProject "legendstracker" */ = {
			isa = XCConfigurationList;
			buildConfigurations = (
				5A06870528E4C7BC0098E287 /* Debug */,
				5A06870628E4C7BC0098E287 /* Release */,
			);
			defaultConfigurationIsVisible = 0;
			defaultConfigurationName = Release;
		};
		5A06870728E4C7BC0098E287 /* Build configuration list for PBXNativeTarget "legendstracker" */ = {
			isa = XCConfigurationList;
			buildConfigurations = (
				5A06870828E4C7BC0098E287 /* Debug */,
				5A06870928E4C7BC0098E287 /* Release */,
			);
			defaultConfigurationIsVisible = 0;
			defaultConfigurationName = Release;
		};
/* End XCConfigurationList section */

/* Begin XCRemoteSwiftPackageReference section */
		5A06875628E537B00098E287 /* XCRemoteSwiftPackageReference "Kingfisher" */ = {
			isa = XCRemoteSwiftPackageReference;
			repositoryURL = "https://github.com/onevcat/Kingfisher";
			requirement = {
				branch = master;
				kind = branch;
			};
		};
/* End XCRemoteSwiftPackageReference section */

/* Begin XCSwiftPackageProductDependency section */
		5A06875728E537B00098E287 /* Kingfisher */ = {
			isa = XCSwiftPackageProductDependency;
			package = 5A06875628E537B00098E287 /* XCRemoteSwiftPackageReference "Kingfisher" */;
			productName = Kingfisher;
		};
/* End XCSwiftPackageProductDependency section */
	};
	rootObject = 5A0686F128E4C7BB0098E287 /* Project object */;
}
