// !$*UTF8*$!
{
	archiveVersion = 1;
	classes = {
	};
	objectVersion = 56;
	objects = {

/* Begin PBXBuildFile section */
		5A012ED028E60DCF001AB519 /* StoreRow.swift in Sources */ = {isa = PBXBuildFile; fileRef = 5A012ECF28E60DCF001AB519 /* StoreRow.swift */; };
		5A012ED228E61941001AB519 /* newsMock.json in Resources */ = {isa = PBXBuildFile; fileRef = 5A012ED128E61941001AB519 /* newsMock.json */; };
		5A012ED428E61BF5001AB519 /* ApexPlayerMock.json in Resources */ = {isa = PBXBuildFile; fileRef = 5A012ED328E61BF5001AB519 /* ApexPlayerMock.json */; };
		5A012ED628E61C47001AB519 /* SearchPlayerVM.swift in Sources */ = {isa = PBXBuildFile; fileRef = 5A012ED528E61C47001AB519 /* SearchPlayerVM.swift */; };
		5A012ED828E61D1C001AB519 /* SearchPlayerView.swift in Sources */ = {isa = PBXBuildFile; fileRef = 5A012ED728E61D1C001AB519 /* SearchPlayerView.swift */; };
		5A012EDB28E63D1B001AB519 /* ViewController.swift in Sources */ = {isa = PBXBuildFile; fileRef = 5A012EDA28E63D1B001AB519 /* ViewController.swift */; };
		5A012EDD28E63D7F001AB519 /* NewsVC.swift in Sources */ = {isa = PBXBuildFile; fileRef = 5A012EDC28E63D7F001AB519 /* NewsVC.swift */; };
		5A012EDF28E63E3E001AB519 /* UITableView+Ext.swift in Sources */ = {isa = PBXBuildFile; fileRef = 5A012EDE28E63E3E001AB519 /* UITableView+Ext.swift */; };
		5A012EE128E647B5001AB519 /* NavigationController.swift in Sources */ = {isa = PBXBuildFile; fileRef = 5A012EE028E647B5001AB519 /* NavigationController.swift */; };
		5A012EE428E6525C001AB519 /* Configurable.swift in Sources */ = {isa = PBXBuildFile; fileRef = 5A012EE328E6525C001AB519 /* Configurable.swift */; };
		5A012EE728E6A732001AB519 /* NewsArticleCell.swift in Sources */ = {isa = PBXBuildFile; fileRef = 5A012EE628E6A732001AB519 /* NewsArticleCell.swift */; };
		5A0686FD28E4C7BB0098E287 /* LegendstrackerApp.swift in Sources */ = {isa = PBXBuildFile; fileRef = 5A0686FC28E4C7BB0098E287 /* LegendstrackerApp.swift */; };
		5A06871B28E4CCE20098E287 /* NewsArticle.swift in Sources */ = {isa = PBXBuildFile; fileRef = 5A06871A28E4CCE20098E287 /* NewsArticle.swift */; };
		5A06871D28E4CE0C0098E287 /* ApexPlayer.swift in Sources */ = {isa = PBXBuildFile; fileRef = 5A06871C28E4CE0C0098E287 /* ApexPlayer.swift */; };
		5A06872128E4D1CE0098E287 /* StoreProduct.swift in Sources */ = {isa = PBXBuildFile; fileRef = 5A06872028E4D1CE0098E287 /* StoreProduct.swift */; };
		5A06872328E4D4FD0098E287 /* ServerStatus.swift in Sources */ = {isa = PBXBuildFile; fileRef = 5A06872228E4D4FD0098E287 /* ServerStatus.swift */; };
		5A06872528E4D5690098E287 /* PlayerUIDResponse.swift in Sources */ = {isa = PBXBuildFile; fileRef = 5A06872428E4D5690098E287 /* PlayerUIDResponse.swift */; };
		5A06872728E4D5A30098E287 /* MapRotationResponse.swift in Sources */ = {isa = PBXBuildFile; fileRef = 5A06872628E4D5A30098E287 /* MapRotationResponse.swift */; };
		5A06872928E4D5FC0098E287 /* ApexPredatorResponse.swift in Sources */ = {isa = PBXBuildFile; fileRef = 5A06872828E4D5FC0098E287 /* ApexPredatorResponse.swift */; };
		5A06872B28E4D6490098E287 /* CraftingRotationResponse.swift in Sources */ = {isa = PBXBuildFile; fileRef = 5A06872A28E4D6490098E287 /* CraftingRotationResponse.swift */; };
		5A06872D28E4DF080098E287 /* ApexService.swift in Sources */ = {isa = PBXBuildFile; fileRef = 5A06872C28E4DF080098E287 /* ApexService.swift */; };
		5A06872F28E4DFAA0098E287 /* HTTPError.swift in Sources */ = {isa = PBXBuildFile; fileRef = 5A06872E28E4DFAA0098E287 /* HTTPError.swift */; };
		5A06873328E4E4DB0098E287 /* NewsRequest.swift in Sources */ = {isa = PBXBuildFile; fileRef = 5A06873228E4E4DB0098E287 /* NewsRequest.swift */; };
		5A06873628E4E59E0098E287 /* Keys.swift in Sources */ = {isa = PBXBuildFile; fileRef = 5A06873528E4E59E0098E287 /* Keys.swift */; };
		5A06873828E4EEA30098E287 /* PlayerRequest.swift in Sources */ = {isa = PBXBuildFile; fileRef = 5A06873728E4EEA30098E287 /* PlayerRequest.swift */; };
		5A06873A28E4F0780098E287 /* StoreRequest.swift in Sources */ = {isa = PBXBuildFile; fileRef = 5A06873928E4F0780098E287 /* StoreRequest.swift */; };
		5A06873C28E4F19D0098E287 /* ServerStatusRequest.swift in Sources */ = {isa = PBXBuildFile; fileRef = 5A06873B28E4F19D0098E287 /* ServerStatusRequest.swift */; };
		5A06873E28E4F3420098E287 /* UIDForPlayerNameRequest.swift in Sources */ = {isa = PBXBuildFile; fileRef = 5A06873D28E4F3420098E287 /* UIDForPlayerNameRequest.swift */; };
		5A06874028E4F3D00098E287 /* MapRotationRequest.swift in Sources */ = {isa = PBXBuildFile; fileRef = 5A06873F28E4F3D00098E287 /* MapRotationRequest.swift */; };
		5A06874228E4F44F0098E287 /* ApexPredatorRequest.swift in Sources */ = {isa = PBXBuildFile; fileRef = 5A06874128E4F44F0098E287 /* ApexPredatorRequest.swift */; };
		5A06874428E4F4D40098E287 /* CraftingRotationRequest.swift in Sources */ = {isa = PBXBuildFile; fileRef = 5A06874328E4F4D40098E287 /* CraftingRotationRequest.swift */; };
		5A06874728E4F8C90098E287 /* NewsVM.swift in Sources */ = {isa = PBXBuildFile; fileRef = 5A06874628E4F8C90098E287 /* NewsVM.swift */; };
		5A06875528E5346A0098E287 /* SafariView.swift in Sources */ = {isa = PBXBuildFile; fileRef = 5A06875428E5346A0098E287 /* SafariView.swift */; };
		5A06875828E537B00098E287 /* Kingfisher in Frameworks */ = {isa = PBXBuildFile; productRef = 5A06875728E537B00098E287 /* Kingfisher */; };
		5A6FAFAA28E5458C00616E00 /* ServerStatusVM.swift in Sources */ = {isa = PBXBuildFile; fileRef = 5A6FAFA928E5458C00616E00 /* ServerStatusVM.swift */; };
		5A6FAFAC28E546ED00616E00 /* ServerStatusView.swift in Sources */ = {isa = PBXBuildFile; fileRef = 5A6FAFAB28E546ED00616E00 /* ServerStatusView.swift */; };
		5A6FAFAE28E5484900616E00 /* ServerStatusMock.json in Resources */ = {isa = PBXBuildFile; fileRef = 5A6FAFAD28E5484900616E00 /* ServerStatusMock.json */; };
		5A6FAFB028E54A6100616E00 /* MockError.swift in Sources */ = {isa = PBXBuildFile; fileRef = 5A6FAFAF28E54A6100616E00 /* MockError.swift */; };
		5A8085FF28E609F200691068 /* StoreVM.swift in Sources */ = {isa = PBXBuildFile; fileRef = 5A8085FE28E609F200691068 /* StoreVM.swift */; };
		5A80860128E60AC900691068 /* StoreMock.json in Resources */ = {isa = PBXBuildFile; fileRef = 5A80860028E60AC900691068 /* StoreMock.json */; };
		5A80860328E60B1C00691068 /* StoreView.swift in Sources */ = {isa = PBXBuildFile; fileRef = 5A80860228E60B1C00691068 /* StoreView.swift */; };
		5AC82D8928E5582500A21051 /* ServerStatusRegionsView.swift in Sources */ = {isa = PBXBuildFile; fileRef = 5AC82D8828E5582500A21051 /* ServerStatusRegionsView.swift */; };
		5AC82D8B28E55B5900A21051 /* ServerStatusRegionView.swift in Sources */ = {isa = PBXBuildFile; fileRef = 5AC82D8A28E55B5900A21051 /* ServerStatusRegionView.swift */; };
		5AC82D8D28E562DC00A21051 /* OriginLoginScrollView.swift in Sources */ = {isa = PBXBuildFile; fileRef = 5AC82D8C28E562DC00A21051 /* OriginLoginScrollView.swift */; };
		5AC82D8F28E5634B00A21051 /* EANovaFusionScrollView.swift in Sources */ = {isa = PBXBuildFile; fileRef = 5AC82D8E28E5634B00A21051 /* EANovaFusionScrollView.swift */; };
		5AC82D9128E563D300A21051 /* EAAccountsScrollView.swift in Sources */ = {isa = PBXBuildFile; fileRef = 5AC82D9028E563D300A21051 /* EAAccountsScrollView.swift */; };
		5AC82D9328E5641A00A21051 /* ApexCrossPlayScrollView.swift in Sources */ = {isa = PBXBuildFile; fileRef = 5AC82D9228E5641A00A21051 /* ApexCrossPlayScrollView.swift */; };
		5AC82D9528E5646200A21051 /* CoreStatusScrollView.swift in Sources */ = {isa = PBXBuildFile; fileRef = 5AC82D9428E5646200A21051 /* CoreStatusScrollView.swift */; };
		5AC82D9728E5664B00A21051 /* OtherPlatformsScrollView.swift in Sources */ = {isa = PBXBuildFile; fileRef = 5AC82D9628E5664B00A21051 /* OtherPlatformsScrollView.swift */; };
		5AC82D9928E56FE800A21051 /* MapRotationVM.swift in Sources */ = {isa = PBXBuildFile; fileRef = 5AC82D9828E56FE800A21051 /* MapRotationVM.swift */; };
		5AC82D9B28E58F9000A21051 /* MapRotationView.swift in Sources */ = {isa = PBXBuildFile; fileRef = 5AC82D9A28E58F9000A21051 /* MapRotationView.swift */; };
		5AC82D9D28E590DC00A21051 /* MapRotationResponse_Mock.json in Resources */ = {isa = PBXBuildFile; fileRef = 5AC82D9C28E590DC00A21051 /* MapRotationResponse_Mock.json */; };
		5AC82DA228E5A96000A21051 /* View+Ext.swift in Sources */ = {isa = PBXBuildFile; fileRef = 5AC82DA128E5A96000A21051 /* View+Ext.swift */; };
		5AC82DA628E5AEDD00A21051 /* MapInfoView.swift in Sources */ = {isa = PBXBuildFile; fileRef = 5AC82DA528E5AEDD00A21051 /* MapInfoView.swift */; };
/* End PBXBuildFile section */

/* Begin PBXFileReference section */
		5A012ECF28E60DCF001AB519 /* StoreRow.swift */ = {isa = PBXFileReference; lastKnownFileType = sourcecode.swift; path = StoreRow.swift; sourceTree = "<group>"; };
		5A012ED128E61941001AB519 /* newsMock.json */ = {isa = PBXFileReference; lastKnownFileType = text.json; path = newsMock.json; sourceTree = "<group>"; };
		5A012ED328E61BF5001AB519 /* ApexPlayerMock.json */ = {isa = PBXFileReference; lastKnownFileType = text.json; path = ApexPlayerMock.json; sourceTree = "<group>"; };
		5A012ED528E61C47001AB519 /* SearchPlayerVM.swift */ = {isa = PBXFileReference; lastKnownFileType = sourcecode.swift; path = SearchPlayerVM.swift; sourceTree = "<group>"; };
		5A012ED728E61D1C001AB519 /* SearchPlayerView.swift */ = {isa = PBXFileReference; lastKnownFileType = sourcecode.swift; path = SearchPlayerView.swift; sourceTree = "<group>"; };
		5A012EDA28E63D1B001AB519 /* ViewController.swift */ = {isa = PBXFileReference; lastKnownFileType = sourcecode.swift; path = ViewController.swift; sourceTree = "<group>"; };
		5A012EDC28E63D7F001AB519 /* NewsVC.swift */ = {isa = PBXFileReference; lastKnownFileType = sourcecode.swift; path = NewsVC.swift; sourceTree = "<group>"; };
		5A012EDE28E63E3E001AB519 /* UITableView+Ext.swift */ = {isa = PBXFileReference; lastKnownFileType = sourcecode.swift; path = "UITableView+Ext.swift"; sourceTree = "<group>"; };
		5A012EE028E647B5001AB519 /* NavigationController.swift */ = {isa = PBXFileReference; lastKnownFileType = sourcecode.swift; path = NavigationController.swift; sourceTree = "<group>"; };
		5A012EE328E6525C001AB519 /* Configurable.swift */ = {isa = PBXFileReference; lastKnownFileType = sourcecode.swift; path = Configurable.swift; sourceTree = "<group>"; };
		5A012EE628E6A732001AB519 /* NewsArticleCell.swift */ = {isa = PBXFileReference; lastKnownFileType = sourcecode.swift; path = NewsArticleCell.swift; sourceTree = "<group>"; };
		5A0686F928E4C7BB0098E287 /* legendstracker.app */ = {isa = PBXFileReference; explicitFileType = wrapper.application; includeInIndex = 0; path = legendstracker.app; sourceTree = BUILT_PRODUCTS_DIR; };
		5A0686FC28E4C7BB0098E287 /* LegendstrackerApp.swift */ = {isa = PBXFileReference; lastKnownFileType = sourcecode.swift; path = LegendstrackerApp.swift; sourceTree = "<group>"; };
		5A06871A28E4CCE20098E287 /* NewsArticle.swift */ = {isa = PBXFileReference; lastKnownFileType = sourcecode.swift; path = NewsArticle.swift; sourceTree = "<group>"; };
		5A06871C28E4CE0C0098E287 /* ApexPlayer.swift */ = {isa = PBXFileReference; lastKnownFileType = sourcecode.swift; path = ApexPlayer.swift; sourceTree = "<group>"; };
		5A06872028E4D1CE0098E287 /* StoreProduct.swift */ = {isa = PBXFileReference; lastKnownFileType = sourcecode.swift; path = StoreProduct.swift; sourceTree = "<group>"; };
		5A06872228E4D4FD0098E287 /* ServerStatus.swift */ = {isa = PBXFileReference; lastKnownFileType = sourcecode.swift; path = ServerStatus.swift; sourceTree = "<group>"; };
		5A06872428E4D5690098E287 /* PlayerUIDResponse.swift */ = {isa = PBXFileReference; lastKnownFileType = sourcecode.swift; path = PlayerUIDResponse.swift; sourceTree = "<group>"; };
		5A06872628E4D5A30098E287 /* MapRotationResponse.swift */ = {isa = PBXFileReference; lastKnownFileType = sourcecode.swift; path = MapRotationResponse.swift; sourceTree = "<group>"; };
		5A06872828E4D5FC0098E287 /* ApexPredatorResponse.swift */ = {isa = PBXFileReference; lastKnownFileType = sourcecode.swift; path = ApexPredatorResponse.swift; sourceTree = "<group>"; };
		5A06872A28E4D6490098E287 /* CraftingRotationResponse.swift */ = {isa = PBXFileReference; lastKnownFileType = sourcecode.swift; path = CraftingRotationResponse.swift; sourceTree = "<group>"; };
		5A06872C28E4DF080098E287 /* ApexService.swift */ = {isa = PBXFileReference; lastKnownFileType = sourcecode.swift; path = ApexService.swift; sourceTree = "<group>"; };
		5A06872E28E4DFAA0098E287 /* HTTPError.swift */ = {isa = PBXFileReference; lastKnownFileType = sourcecode.swift; path = HTTPError.swift; sourceTree = "<group>"; };
		5A06873228E4E4DB0098E287 /* NewsRequest.swift */ = {isa = PBXFileReference; lastKnownFileType = sourcecode.swift; path = NewsRequest.swift; sourceTree = "<group>"; };
		5A06873528E4E59E0098E287 /* Keys.swift */ = {isa = PBXFileReference; lastKnownFileType = sourcecode.swift; path = Keys.swift; sourceTree = "<group>"; };
		5A06873728E4EEA30098E287 /* PlayerRequest.swift */ = {isa = PBXFileReference; lastKnownFileType = sourcecode.swift; path = PlayerRequest.swift; sourceTree = "<group>"; };
		5A06873928E4F0780098E287 /* StoreRequest.swift */ = {isa = PBXFileReference; lastKnownFileType = sourcecode.swift; path = StoreRequest.swift; sourceTree = "<group>"; };
		5A06873B28E4F19D0098E287 /* ServerStatusRequest.swift */ = {isa = PBXFileReference; lastKnownFileType = sourcecode.swift; path = ServerStatusRequest.swift; sourceTree = "<group>"; };
		5A06873D28E4F3420098E287 /* UIDForPlayerNameRequest.swift */ = {isa = PBXFileReference; lastKnownFileType = sourcecode.swift; path = UIDForPlayerNameRequest.swift; sourceTree = "<group>"; };
		5A06873F28E4F3D00098E287 /* MapRotationRequest.swift */ = {isa = PBXFileReference; lastKnownFileType = sourcecode.swift; path = MapRotationRequest.swift; sourceTree = "<group>"; };
		5A06874128E4F44F0098E287 /* ApexPredatorRequest.swift */ = {isa = PBXFileReference; lastKnownFileType = sourcecode.swift; path = ApexPredatorRequest.swift; sourceTree = "<group>"; };
		5A06874328E4F4D40098E287 /* CraftingRotationRequest.swift */ = {isa = PBXFileReference; lastKnownFileType = sourcecode.swift; path = CraftingRotationRequest.swift; sourceTree = "<group>"; };
		5A06874628E4F8C90098E287 /* NewsVM.swift */ = {isa = PBXFileReference; lastKnownFileType = sourcecode.swift; path = NewsVM.swift; sourceTree = "<group>"; };
		5A06875428E5346A0098E287 /* SafariView.swift */ = {isa = PBXFileReference; lastKnownFileType = sourcecode.swift; path = SafariView.swift; sourceTree = "<group>"; };
		5A6FAFA928E5458C00616E00 /* ServerStatusVM.swift */ = {isa = PBXFileReference; lastKnownFileType = sourcecode.swift; path = ServerStatusVM.swift; sourceTree = "<group>"; };
		5A6FAFAB28E546ED00616E00 /* ServerStatusView.swift */ = {isa = PBXFileReference; lastKnownFileType = sourcecode.swift; path = ServerStatusView.swift; sourceTree = "<group>"; };
		5A6FAFAD28E5484900616E00 /* ServerStatusMock.json */ = {isa = PBXFileReference; lastKnownFileType = text.json; path = ServerStatusMock.json; sourceTree = "<group>"; };
		5A6FAFAF28E54A6100616E00 /* MockError.swift */ = {isa = PBXFileReference; lastKnownFileType = sourcecode.swift; path = MockError.swift; sourceTree = "<group>"; };
		5A8085FE28E609F200691068 /* StoreVM.swift */ = {isa = PBXFileReference; lastKnownFileType = sourcecode.swift; path = StoreVM.swift; sourceTree = "<group>"; };
		5A80860028E60AC900691068 /* StoreMock.json */ = {isa = PBXFileReference; lastKnownFileType = text.json; path = StoreMock.json; sourceTree = "<group>"; };
		5A80860228E60B1C00691068 /* StoreView.swift */ = {isa = PBXFileReference; lastKnownFileType = sourcecode.swift; path = StoreView.swift; sourceTree = "<group>"; };
		5AC82D8828E5582500A21051 /* ServerStatusRegionsView.swift */ = {isa = PBXFileReference; lastKnownFileType = sourcecode.swift; path = ServerStatusRegionsView.swift; sourceTree = "<group>"; };
		5AC82D8A28E55B5900A21051 /* ServerStatusRegionView.swift */ = {isa = PBXFileReference; lastKnownFileType = sourcecode.swift; path = ServerStatusRegionView.swift; sourceTree = "<group>"; };
		5AC82D8C28E562DC00A21051 /* OriginLoginScrollView.swift */ = {isa = PBXFileReference; lastKnownFileType = sourcecode.swift; path = OriginLoginScrollView.swift; sourceTree = "<group>"; };
		5AC82D8E28E5634B00A21051 /* EANovaFusionScrollView.swift */ = {isa = PBXFileReference; lastKnownFileType = sourcecode.swift; path = EANovaFusionScrollView.swift; sourceTree = "<group>"; };
		5AC82D9028E563D300A21051 /* EAAccountsScrollView.swift */ = {isa = PBXFileReference; lastKnownFileType = sourcecode.swift; path = EAAccountsScrollView.swift; sourceTree = "<group>"; };
		5AC82D9228E5641A00A21051 /* ApexCrossPlayScrollView.swift */ = {isa = PBXFileReference; lastKnownFileType = sourcecode.swift; path = ApexCrossPlayScrollView.swift; sourceTree = "<group>"; };
		5AC82D9428E5646200A21051 /* CoreStatusScrollView.swift */ = {isa = PBXFileReference; lastKnownFileType = sourcecode.swift; path = CoreStatusScrollView.swift; sourceTree = "<group>"; };
		5AC82D9628E5664B00A21051 /* OtherPlatformsScrollView.swift */ = {isa = PBXFileReference; lastKnownFileType = sourcecode.swift; path = OtherPlatformsScrollView.swift; sourceTree = "<group>"; };
		5AC82D9828E56FE800A21051 /* MapRotationVM.swift */ = {isa = PBXFileReference; lastKnownFileType = sourcecode.swift; path = MapRotationVM.swift; sourceTree = "<group>"; };
		5AC82D9A28E58F9000A21051 /* MapRotationView.swift */ = {isa = PBXFileReference; lastKnownFileType = sourcecode.swift; path = MapRotationView.swift; sourceTree = "<group>"; };
		5AC82D9C28E590DC00A21051 /* MapRotationResponse_Mock.json */ = {isa = PBXFileReference; lastKnownFileType = text.json; path = MapRotationResponse_Mock.json; sourceTree = "<group>"; };
		5AC82DA128E5A96000A21051 /* View+Ext.swift */ = {isa = PBXFileReference; lastKnownFileType = sourcecode.swift; path = "View+Ext.swift"; sourceTree = "<group>"; };
		5AC82DA528E5AEDD00A21051 /* MapInfoView.swift */ = {isa = PBXFileReference; lastKnownFileType = sourcecode.swift; path = MapInfoView.swift; sourceTree = "<group>"; };
/* End PBXFileReference section */

/* Begin PBXFrameworksBuildPhase section */
		5A0686F628E4C7BB0098E287 /* Frameworks */ = {
			isa = PBXFrameworksBuildPhase;
			buildActionMask = 2147483647;
			files = (
				5A06875828E537B00098E287 /* Kingfisher in Frameworks */,
			);
			runOnlyForDeploymentPostprocessing = 0;
		};
/* End PBXFrameworksBuildPhase section */

/* Begin PBXGroup section */
		5A012ED928E63D06001AB519 /* ViewControllers */ = {
			isa = PBXGroup;
			children = (
				5A012EDA28E63D1B001AB519 /* ViewController.swift */,
				5A012EDC28E63D7F001AB519 /* NewsVC.swift */,
				5A012EE028E647B5001AB519 /* NavigationController.swift */,
			);
			path = ViewControllers;
			sourceTree = "<group>";
		};
		5A012EE228E65244001AB519 /* Utilities */ = {
			isa = PBXGroup;
			children = (
				5A012EE328E6525C001AB519 /* Configurable.swift */,
			);
			path = Utilities;
			sourceTree = "<group>";
		};
		5A012EE528E6A720001AB519 /* UIViews */ = {
			isa = PBXGroup;
			children = (
				5A012EE628E6A732001AB519 /* NewsArticleCell.swift */,
			);
			path = UIViews;
			sourceTree = "<group>";
		};
		5A0686F028E4C7BB0098E287 = {
			isa = PBXGroup;
			children = (
				5A0686FB28E4C7BB0098E287 /* Legendstracker */,
				5A0686FA28E4C7BB0098E287 /* Products */,
			);
			sourceTree = "<group>";
		};
		5A0686FA28E4C7BB0098E287 /* Products */ = {
			isa = PBXGroup;
			children = (
				5A0686F928E4C7BB0098E287 /* legendstracker.app */,
			);
			name = Products;
			sourceTree = "<group>";
		};
		5A0686FB28E4C7BB0098E287 /* Legendstracker */ = {
			isa = PBXGroup;
			children = (
				5A0686FC28E4C7BB0098E287 /* LegendstrackerApp.swift */,
				5A06871628E4CC630098E287 /* API */,
				5A06874B28E5284B0098E287 /* Views */,
				5A06874828E523C40098E287 /* Screens */,
				5A012EE528E6A720001AB519 /* UIViews */,
				5A012ED928E63D06001AB519 /* ViewControllers */,
				5A06874528E4F8B60098E287 /* ViewModels */,
				5AC82DA028E5A95100A21051 /* Extensions */,
				5A012EE228E65244001AB519 /* Utilities */,
				5A06873428E4E5740098E287 /* Resources */,
			);
			path = Legendstracker;
			sourceTree = "<group>";
		};
		5A06871628E4CC630098E287 /* API */ = {
			isa = PBXGroup;
			children = (
				5A06872C28E4DF080098E287 /* ApexService.swift */,
				5A06873028E4DFAE0098E287 /* Models */,
				5A06871728E4CC6D0098E287 /* Responses */,
				5A06873128E4E4BB0098E287 /* Requests */,
			);
			path = API;
			sourceTree = "<group>";
		};
		5A06871728E4CC6D0098E287 /* Responses */ = {
			isa = PBXGroup;
			children = (
				5A06871A28E4CCE20098E287 /* NewsArticle.swift */,
				5A06871C28E4CE0C0098E287 /* ApexPlayer.swift */,
				5A06872028E4D1CE0098E287 /* StoreProduct.swift */,
				5A06872228E4D4FD0098E287 /* ServerStatus.swift */,
				5A06872428E4D5690098E287 /* PlayerUIDResponse.swift */,
				5A06872628E4D5A30098E287 /* MapRotationResponse.swift */,
				5A06872828E4D5FC0098E287 /* ApexPredatorResponse.swift */,
				5A06872A28E4D6490098E287 /* CraftingRotationResponse.swift */,
			);
			path = Responses;
			sourceTree = "<group>";
		};
		5A06873028E4DFAE0098E287 /* Models */ = {
			isa = PBXGroup;
			children = (
				5A06872E28E4DFAA0098E287 /* HTTPError.swift */,
				5A6FAFAF28E54A6100616E00 /* MockError.swift */,
			);
			path = Models;
			sourceTree = "<group>";
		};
		5A06873128E4E4BB0098E287 /* Requests */ = {
			isa = PBXGroup;
			children = (
				5A06873728E4EEA30098E287 /* PlayerRequest.swift */,
				5A06873228E4E4DB0098E287 /* NewsRequest.swift */,
				5A06873928E4F0780098E287 /* StoreRequest.swift */,
				5A06873B28E4F19D0098E287 /* ServerStatusRequest.swift */,
				5A06873D28E4F3420098E287 /* UIDForPlayerNameRequest.swift */,
				5A06873F28E4F3D00098E287 /* MapRotationRequest.swift */,
				5A06874128E4F44F0098E287 /* ApexPredatorRequest.swift */,
				5A06874328E4F4D40098E287 /* CraftingRotationRequest.swift */,
			);
			path = Requests;
			sourceTree = "<group>";
		};
		5A06873428E4E5740098E287 /* Resources */ = {
			isa = PBXGroup;
			children = (
				5A06873528E4E59E0098E287 /* Keys.swift */,
				5A6FAFAD28E5484900616E00 /* ServerStatusMock.json */,
				5AC82D9C28E590DC00A21051 /* MapRotationResponse_Mock.json */,
				5A80860028E60AC900691068 /* StoreMock.json */,
				5A012ED128E61941001AB519 /* newsMock.json */,
				5A012ED328E61BF5001AB519 /* ApexPlayerMock.json */,
			);
			path = Resources;
			sourceTree = "<group>";
		};
		5A06874528E4F8B60098E287 /* ViewModels */ = {
			isa = PBXGroup;
			children = (
				5A06874628E4F8C90098E287 /* NewsVM.swift */,
				5A6FAFA928E5458C00616E00 /* ServerStatusVM.swift */,
				5AC82D9828E56FE800A21051 /* MapRotationVM.swift */,
				5A8085FE28E609F200691068 /* StoreVM.swift */,
				5A012ED528E61C47001AB519 /* SearchPlayerVM.swift */,
			);
			path = ViewModels;
			sourceTree = "<group>";
		};
		5A06874828E523C40098E287 /* Screens */ = {
			isa = PBXGroup;
			children = (
				5A6FAFAB28E546ED00616E00 /* ServerStatusView.swift */,
				5AC82D9A28E58F9000A21051 /* MapRotationView.swift */,
				5A80860228E60B1C00691068 /* StoreView.swift */,
				5A012ED728E61D1C001AB519 /* SearchPlayerView.swift */,
			);
			path = Screens;
			sourceTree = "<group>";
		};
		5A06874B28E5284B0098E287 /* Views */ = {
			isa = PBXGroup;
			children = (
				5A06875428E5346A0098E287 /* SafariView.swift */,
				5AC82D8828E5582500A21051 /* ServerStatusRegionsView.swift */,
				5AC82D8A28E55B5900A21051 /* ServerStatusRegionView.swift */,
				5AC82D8C28E562DC00A21051 /* OriginLoginScrollView.swift */,
				5AC82D8E28E5634B00A21051 /* EANovaFusionScrollView.swift */,
				5AC82D9028E563D300A21051 /* EAAccountsScrollView.swift */,
				5AC82D9228E5641A00A21051 /* ApexCrossPlayScrollView.swift */,
				5AC82D9428E5646200A21051 /* CoreStatusScrollView.swift */,
				5AC82D9628E5664B00A21051 /* OtherPlatformsScrollView.swift */,
				5AC82DA528E5AEDD00A21051 /* MapInfoView.swift */,
				5A012ECF28E60DCF001AB519 /* StoreRow.swift */,
			);
			path = Views;
			sourceTree = "<group>";
		};
		5AC82DA028E5A95100A21051 /* Extensions */ = {
			isa = PBXGroup;
			children = (
				5AC82DA128E5A96000A21051 /* View+Ext.swift */,
				5A012EDE28E63E3E001AB519 /* UITableView+Ext.swift */,
			);
			path = Extensions;
			sourceTree = "<group>";
		};
/* End PBXGroup section */

/* Begin PBXNativeTarget section */
		5A0686F828E4C7BB0098E287 /* legendstracker */ = {
			isa = PBXNativeTarget;
			buildConfigurationList = 5A06870728E4C7BC0098E287 /* Build configuration list for PBXNativeTarget "legendstracker" */;
			buildPhases = (
				5A0686F528E4C7BB0098E287 /* Sources */,
				5A0686F628E4C7BB0098E287 /* Frameworks */,
				5A0686F728E4C7BB0098E287 /* Resources */,
			);
			buildRules = (
			);
			dependencies = (
			);
			name = legendstracker;
			packageProductDependencies = (
				5A06875728E537B00098E287 /* Kingfisher */,
			);
			productName = legendstracker;
			productReference = 5A0686F928E4C7BB0098E287 /* legendstracker.app */;
			productType = "com.apple.product-type.application";
		};
/* End PBXNativeTarget section */

/* Begin PBXProject section */
		5A0686F128E4C7BB0098E287 /* Project object */ = {
			isa = PBXProject;
			attributes = {
				BuildIndependentTargetsInParallel = 1;
				LastSwiftUpdateCheck = 1410;
				LastUpgradeCheck = 1410;
				TargetAttributes = {
					5A0686F828E4C7BB0098E287 = {
						CreatedOnToolsVersion = 14.1;
					};
				};
			};
			buildConfigurationList = 5A0686F428E4C7BB0098E287 /* Build configuration list for PBXProject "Legendstracker" */;
			compatibilityVersion = "Xcode 14.0";
			developmentRegion = en;
			hasScannedForEncodings = 0;
			knownRegions = (
				en,
				Base,
			);
			mainGroup = 5A0686F028E4C7BB0098E287;
			packageReferences = (
				5A06875628E537B00098E287 /* XCRemoteSwiftPackageReference "Kingfisher" */,
			);
			productRefGroup = 5A0686FA28E4C7BB0098E287 /* Products */;
			projectDirPath = "";
			projectRoot = "";
			targets = (
				5A0686F828E4C7BB0098E287 /* legendstracker */,
			);
		};
/* End PBXProject section */

/* Begin PBXResourcesBuildPhase section */
		5A0686F728E4C7BB0098E287 /* Resources */ = {
			isa = PBXResourcesBuildPhase;
			buildActionMask = 2147483647;
			files = (
				5A6FAFAE28E5484900616E00 /* ServerStatusMock.json in Resources */,
				5A80860128E60AC900691068 /* StoreMock.json in Resources */,
				5A012ED228E61941001AB519 /* newsMock.json in Resources */,
				5AC82D9D28E590DC00A21051 /* MapRotationResponse_Mock.json in Resources */,
				5A012ED428E61BF5001AB519 /* ApexPlayerMock.json in Resources */,
			);
			runOnlyForDeploymentPostprocessing = 0;
		};
/* End PBXResourcesBuildPhase section */

/* Begin PBXSourcesBuildPhase section */
		5A0686F528E4C7BB0098E287 /* Sources */ = {
			isa = PBXSourcesBuildPhase;
			buildActionMask = 2147483647;
			files = (
				5AC82D8F28E5634B00A21051 /* EANovaFusionScrollView.swift in Sources */,
				5AC82DA628E5AEDD00A21051 /* MapInfoView.swift in Sources */,
				5A06872D28E4DF080098E287 /* ApexService.swift in Sources */,
				5AC82D8928E5582500A21051 /* ServerStatusRegionsView.swift in Sources */,
				5A06872F28E4DFAA0098E287 /* HTTPError.swift in Sources */,
				5AC82D9128E563D300A21051 /* EAAccountsScrollView.swift in Sources */,
				5A06871B28E4CCE20098E287 /* NewsArticle.swift in Sources */,
				5A06875528E5346A0098E287 /* SafariView.swift in Sources */,
				5A012ED628E61C47001AB519 /* SearchPlayerVM.swift in Sources */,
				5A0686FD28E4C7BB0098E287 /* LegendstrackerApp.swift in Sources */,
				5A012ED828E61D1C001AB519 /* SearchPlayerView.swift in Sources */,
				5A06873628E4E59E0098E287 /* Keys.swift in Sources */,
				5A06872528E4D5690098E287 /* PlayerUIDResponse.swift in Sources */,
				5AC82DA228E5A96000A21051 /* View+Ext.swift in Sources */,
				5A06872928E4D5FC0098E287 /* ApexPredatorResponse.swift in Sources */,
				5A012EDF28E63E3E001AB519 /* UITableView+Ext.swift in Sources */,
				5A012EE428E6525C001AB519 /* Configurable.swift in Sources */,
				5A012ED028E60DCF001AB519 /* StoreRow.swift in Sources */,
				5A06873328E4E4DB0098E287 /* NewsRequest.swift in Sources */,
				5A06874028E4F3D00098E287 /* MapRotationRequest.swift in Sources */,
				5A06873C28E4F19D0098E287 /* ServerStatusRequest.swift in Sources */,
				5A06873828E4EEA30098E287 /* PlayerRequest.swift in Sources */,
				5AC82D9528E5646200A21051 /* CoreStatusScrollView.swift in Sources */,
				5A06874728E4F8C90098E287 /* NewsVM.swift in Sources */,
				5A06874428E4F4D40098E287 /* CraftingRotationRequest.swift in Sources */,
				5A012EE128E647B5001AB519 /* NavigationController.swift in Sources */,
				5AC82D9728E5664B00A21051 /* OtherPlatformsScrollView.swift in Sources */,
				5A06874228E4F44F0098E287 /* ApexPredatorRequest.swift in Sources */,
				5A6FAFB028E54A6100616E00 /* MockError.swift in Sources */,
				5A8085FF28E609F200691068 /* StoreVM.swift in Sources */,
				5A06872728E4D5A30098E287 /* MapRotationResponse.swift in Sources */,
				5A06873A28E4F0780098E287 /* StoreRequest.swift in Sources */,
				5A06872B28E4D6490098E287 /* CraftingRotationResponse.swift in Sources */,
				5A06871D28E4CE0C0098E287 /* ApexPlayer.swift in Sources */,
				5A6FAFAA28E5458C00616E00 /* ServerStatusVM.swift in Sources */,
				5AC82D9928E56FE800A21051 /* MapRotationVM.swift in Sources */,
				5A6FAFAC28E546ED00616E00 /* ServerStatusView.swift in Sources */,
				5AC82D8D28E562DC00A21051 /* OriginLoginScrollView.swift in Sources */,
				5AC82D8B28E55B5900A21051 /* ServerStatusRegionView.swift in Sources */,
				5A06872128E4D1CE0098E287 /* StoreProduct.swift in Sources */,
				5A80860328E60B1C00691068 /* StoreView.swift in Sources */,
				5AC82D9328E5641A00A21051 /* ApexCrossPlayScrollView.swift in Sources */,
				5A06873E28E4F3420098E287 /* UIDForPlayerNameRequest.swift in Sources */,
				5A06872328E4D4FD0098E287 /* ServerStatus.swift in Sources */,
				5A012EDD28E63D7F001AB519 /* NewsVC.swift in Sources */,
				5A012EE728E6A732001AB519 /* NewsArticleCell.swift in Sources */,
				5AC82D9B28E58F9000A21051 /* MapRotationView.swift in Sources */,
				5A012EDB28E63D1B001AB519 /* ViewController.swift in Sources */,
			);
			runOnlyForDeploymentPostprocessing = 0;
		};
/* End PBXSourcesBuildPhase section */

/* Begin XCBuildConfiguration section */
		5A06870528E4C7BC0098E287 /* Debug */ = {
			isa = XCBuildConfiguration;
			buildSettings = {
				ALWAYS_SEARCH_USER_PATHS = NO;
				CLANG_ANALYZER_NONNULL = YES;
				CLANG_ANALYZER_NUMBER_OBJECT_CONVERSION = YES_AGGRESSIVE;
				CLANG_CXX_LANGUAGE_STANDARD = "gnu++20";
				CLANG_ENABLE_MODULES = YES;
				CLANG_ENABLE_OBJC_ARC = YES;
				CLANG_ENABLE_OBJC_WEAK = YES;
				CLANG_WARN_BLOCK_CAPTURE_AUTORELEASING = YES;
				CLANG_WARN_BOOL_CONVERSION = YES;
				CLANG_WARN_COMMA = YES;
				CLANG_WARN_CONSTANT_CONVERSION = YES;
				CLANG_WARN_DEPRECATED_OBJC_IMPLEMENTATIONS = YES;
				CLANG_WARN_DIRECT_OBJC_ISA_USAGE = YES_ERROR;
				CLANG_WARN_DOCUMENTATION_COMMENTS = YES;
				CLANG_WARN_EMPTY_BODY = YES;
				CLANG_WARN_ENUM_CONVERSION = YES;
				CLANG_WARN_INFINITE_RECURSION = YES;
				CLANG_WARN_INT_CONVERSION = YES;
				CLANG_WARN_NON_LITERAL_NULL_CONVERSION = YES;
				CLANG_WARN_OBJC_IMPLICIT_RETAIN_SELF = YES;
				CLANG_WARN_OBJC_LITERAL_CONVERSION = YES;
				CLANG_WARN_OBJC_ROOT_CLASS = YES_ERROR;
				CLANG_WARN_QUOTED_INCLUDE_IN_FRAMEWORK_HEADER = YES;
				CLANG_WARN_RANGE_LOOP_ANALYSIS = YES;
				CLANG_WARN_STRICT_PROTOTYPES = YES;
				CLANG_WARN_SUSPICIOUS_MOVE = YES;
				CLANG_WARN_UNGUARDED_AVAILABILITY = YES_AGGRESSIVE;
				CLANG_WARN_UNREACHABLE_CODE = YES;
				CLANG_WARN__DUPLICATE_METHOD_MATCH = YES;
				COPY_PHASE_STRIP = NO;
				DEBUG_INFORMATION_FORMAT = dwarf;
				ENABLE_STRICT_OBJC_MSGSEND = YES;
				ENABLE_TESTABILITY = YES;
				GCC_C_LANGUAGE_STANDARD = gnu11;
				GCC_DYNAMIC_NO_PIC = NO;
				GCC_NO_COMMON_BLOCKS = YES;
				GCC_OPTIMIZATION_LEVEL = 0;
				GCC_PREPROCESSOR_DEFINITIONS = (
					"DEBUG=1",
					"$(inherited)",
				);
				GCC_WARN_64_TO_32_BIT_CONVERSION = YES;
				GCC_WARN_ABOUT_RETURN_TYPE = YES_ERROR;
				GCC_WARN_UNDECLARED_SELECTOR = YES;
				GCC_WARN_UNINITIALIZED_AUTOS = YES_AGGRESSIVE;
				GCC_WARN_UNUSED_FUNCTION = YES;
				GCC_WARN_UNUSED_VARIABLE = YES;
				IPHONEOS_DEPLOYMENT_TARGET = 16.1;
				MTL_ENABLE_DEBUG_INFO = INCLUDE_SOURCE;
				MTL_FAST_MATH = YES;
				ONLY_ACTIVE_ARCH = YES;
				SDKROOT = iphoneos;
				SWIFT_ACTIVE_COMPILATION_CONDITIONS = DEBUG;
				SWIFT_OPTIMIZATION_LEVEL = "-Onone";
			};
			name = Debug;
		};
		5A06870628E4C7BC0098E287 /* Release */ = {
			isa = XCBuildConfiguration;
			buildSettings = {
				ALWAYS_SEARCH_USER_PATHS = NO;
				CLANG_ANALYZER_NONNULL = YES;
				CLANG_ANALYZER_NUMBER_OBJECT_CONVERSION = YES_AGGRESSIVE;
				CLANG_CXX_LANGUAGE_STANDARD = "gnu++20";
				CLANG_ENABLE_MODULES = YES;
				CLANG_ENABLE_OBJC_ARC = YES;
				CLANG_ENABLE_OBJC_WEAK = YES;
				CLANG_WARN_BLOCK_CAPTURE_AUTORELEASING = YES;
				CLANG_WARN_BOOL_CONVERSION = YES;
				CLANG_WARN_COMMA = YES;
				CLANG_WARN_CONSTANT_CONVERSION = YES;
				CLANG_WARN_DEPRECATED_OBJC_IMPLEMENTATIONS = YES;
				CLANG_WARN_DIRECT_OBJC_ISA_USAGE = YES_ERROR;
				CLANG_WARN_DOCUMENTATION_COMMENTS = YES;
				CLANG_WARN_EMPTY_BODY = YES;
				CLANG_WARN_ENUM_CONVERSION = YES;
				CLANG_WARN_INFINITE_RECURSION = YES;
				CLANG_WARN_INT_CONVERSION = YES;
				CLANG_WARN_NON_LITERAL_NULL_CONVERSION = YES;
				CLANG_WARN_OBJC_IMPLICIT_RETAIN_SELF = YES;
				CLANG_WARN_OBJC_LITERAL_CONVERSION = YES;
				CLANG_WARN_OBJC_ROOT_CLASS = YES_ERROR;
				CLANG_WARN_QUOTED_INCLUDE_IN_FRAMEWORK_HEADER = YES;
				CLANG_WARN_RANGE_LOOP_ANALYSIS = YES;
				CLANG_WARN_STRICT_PROTOTYPES = YES;
				CLANG_WARN_SUSPICIOUS_MOVE = YES;
				CLANG_WARN_UNGUARDED_AVAILABILITY = YES_AGGRESSIVE;
				CLANG_WARN_UNREACHABLE_CODE = YES;
				CLANG_WARN__DUPLICATE_METHOD_MATCH = YES;
				COPY_PHASE_STRIP = NO;
				DEBUG_INFORMATION_FORMAT = "dwarf-with-dsym";
				ENABLE_NS_ASSERTIONS = NO;
				ENABLE_STRICT_OBJC_MSGSEND = YES;
				GCC_C_LANGUAGE_STANDARD = gnu11;
				GCC_NO_COMMON_BLOCKS = YES;
				GCC_WARN_64_TO_32_BIT_CONVERSION = YES;
				GCC_WARN_ABOUT_RETURN_TYPE = YES_ERROR;
				GCC_WARN_UNDECLARED_SELECTOR = YES;
				GCC_WARN_UNINITIALIZED_AUTOS = YES_AGGRESSIVE;
				GCC_WARN_UNUSED_FUNCTION = YES;
				GCC_WARN_UNUSED_VARIABLE = YES;
				IPHONEOS_DEPLOYMENT_TARGET = 16.1;
				MTL_ENABLE_DEBUG_INFO = NO;
				MTL_FAST_MATH = YES;
				SDKROOT = iphoneos;
				SWIFT_COMPILATION_MODE = wholemodule;
				SWIFT_OPTIMIZATION_LEVEL = "-O";
				VALIDATE_PRODUCT = YES;
			};
			name = Release;
		};
		5A06870828E4C7BC0098E287 /* Debug */ = {
			isa = XCBuildConfiguration;
			buildSettings = {
				ASSETCATALOG_COMPILER_APPICON_NAME = AppIcon;
				ASSETCATALOG_COMPILER_GLOBAL_ACCENT_COLOR_NAME = AccentColor;
				CODE_SIGN_STYLE = Automatic;
				CURRENT_PROJECT_VERSION = 1;
				DEVELOPMENT_TEAM = P4DQK6SRKR;
				ENABLE_PREVIEWS = YES;
				GENERATE_INFOPLIST_FILE = YES;
				INFOPLIST_KEY_CFBundleDisplayName = Legends;
				INFOPLIST_KEY_UIApplicationSceneManifest_Generation = YES;
				INFOPLIST_KEY_UIApplicationSupportsIndirectInputEvents = YES;
				INFOPLIST_KEY_UILaunchScreen_Generation = YES;
				INFOPLIST_KEY_UISupportedInterfaceOrientations_iPad = "UIInterfaceOrientationPortrait UIInterfaceOrientationPortraitUpsideDown UIInterfaceOrientationLandscapeLeft UIInterfaceOrientationLandscapeRight";
				INFOPLIST_KEY_UISupportedInterfaceOrientations_iPhone = "UIInterfaceOrientationPortrait UIInterfaceOrientationLandscapeLeft UIInterfaceOrientationLandscapeRight";
				LD_RUNPATH_SEARCH_PATHS = (
					"$(inherited)",
					"@executable_path/Frameworks",
				);
				MARKETING_VERSION = 1.0;
				PRODUCT_BUNDLE_IDENTIFIER = com.marcusziade.legendstracker;
				PRODUCT_NAME = "$(TARGET_NAME)";
				SWIFT_EMIT_LOC_STRINGS = YES;
				SWIFT_VERSION = 5.0;
				TARGETED_DEVICE_FAMILY = "1,2";
			};
			name = Debug;
		};
		5A06870928E4C7BC0098E287 /* Release */ = {
			isa = XCBuildConfiguration;
			buildSettings = {
				ASSETCATALOG_COMPILER_APPICON_NAME = AppIcon;
				ASSETCATALOG_COMPILER_GLOBAL_ACCENT_COLOR_NAME = AccentColor;
				CODE_SIGN_STYLE = Automatic;
				CURRENT_PROJECT_VERSION = 1;
				DEVELOPMENT_TEAM = P4DQK6SRKR;
				ENABLE_PREVIEWS = YES;
				GENERATE_INFOPLIST_FILE = YES;
				INFOPLIST_KEY_CFBundleDisplayName = Legends;
				INFOPLIST_KEY_UIApplicationSceneManifest_Generation = YES;
				INFOPLIST_KEY_UIApplicationSupportsIndirectInputEvents = YES;
				INFOPLIST_KEY_UILaunchScreen_Generation = YES;
				INFOPLIST_KEY_UISupportedInterfaceOrientations_iPad = "UIInterfaceOrientationPortrait UIInterfaceOrientationPortraitUpsideDown UIInterfaceOrientationLandscapeLeft UIInterfaceOrientationLandscapeRight";
				INFOPLIST_KEY_UISupportedInterfaceOrientations_iPhone = "UIInterfaceOrientationPortrait UIInterfaceOrientationLandscapeLeft UIInterfaceOrientationLandscapeRight";
				LD_RUNPATH_SEARCH_PATHS = (
					"$(inherited)",
					"@executable_path/Frameworks",
				);
				MARKETING_VERSION = 1.0;
				PRODUCT_BUNDLE_IDENTIFIER = com.marcusziade.legendstracker;
				PRODUCT_NAME = "$(TARGET_NAME)";
				SWIFT_EMIT_LOC_STRINGS = YES;
				SWIFT_VERSION = 5.0;
				TARGETED_DEVICE_FAMILY = "1,2";
			};
			name = Release;
		};
/* End XCBuildConfiguration section */

/* Begin XCConfigurationList section */
		5A0686F428E4C7BB0098E287 /* Build configuration list for PBXProject "Legendstracker" */ = {
			isa = XCConfigurationList;
			buildConfigurations = (
				5A06870528E4C7BC0098E287 /* Debug */,
				5A06870628E4C7BC0098E287 /* Release */,
			);
			defaultConfigurationIsVisible = 0;
			defaultConfigurationName = Release;
		};
		5A06870728E4C7BC0098E287 /* Build configuration list for PBXNativeTarget "legendstracker" */ = {
			isa = XCConfigurationList;
			buildConfigurations = (
				5A06870828E4C7BC0098E287 /* Debug */,
				5A06870928E4C7BC0098E287 /* Release */,
			);
			defaultConfigurationIsVisible = 0;
			defaultConfigurationName = Release;
		};
/* End XCConfigurationList section */

/* Begin XCRemoteSwiftPackageReference section */
		5A06875628E537B00098E287 /* XCRemoteSwiftPackageReference "Kingfisher" */ = {
			isa = XCRemoteSwiftPackageReference;
			repositoryURL = "https://github.com/onevcat/Kingfisher";
			requirement = {
				branch = master;
				kind = branch;
			};
		};
/* End XCRemoteSwiftPackageReference section */

/* Begin XCSwiftPackageProductDependency section */
		5A06875728E537B00098E287 /* Kingfisher */ = {
			isa = XCSwiftPackageProductDependency;
			package = 5A06875628E537B00098E287 /* XCRemoteSwiftPackageReference "Kingfisher" */;
			productName = Kingfisher;
		};
/* End XCSwiftPackageProductDependency section */
	};
	rootObject = 5A0686F128E4C7BB0098E287 /* Project object */;
}
